
Microsoft Visual Studio Solution File, Format Version 12.00
# Visual Studio 15
VisualStudioVersion = 15.0.28010.2048
MinimumVisualStudioVersion = 10.0.40219.1
Project("{FAE04EC0-301F-11D3-BF4B-00C04F79EFBC}") = "Momento3_GilLopera.Android", "Momento3_GilLopera\Momento3_GilLopera.Android\Momento3_GilLopera.Android.csproj", "{4937D5E2-479E-425C-8AA8-2F8F9E6BCDA0}"
EndProject
Project("{9A19103F-16F7-4668-BE54-9A1E7A4F7556}") = "Momento3_GilLopera", "Momento3_GilLopera\Momento3_GilLopera\Momento3_GilLopera.csproj", "{20833367-BC05-4481-ADC4-2875509F186C}"
EndProject
Global
	GlobalSection(SolutionConfigurationPlatforms) = preSolution
		Debug|Any CPU = Debug|Any CPU
		Release|Any CPU = Release|Any CPU
	EndGlobalSection
	GlobalSection(ProjectConfigurationPlatforms) = postSolution
		{4937D5E2-479E-425C-8AA8-2F8F9E6BCDA0}.Debug|Any CPU.ActiveCfg = Debug|Any CPU
		{4937D5E2-479E-425C-8AA8-2F8F9E6BCDA0}.Debug|Any CPU.Build.0 = Debug|Any CPU
		{4937D5E2-479E-425C-8AA8-2F8F9E6BCDA0}.Debug|Any CPU.Deploy.0 = Debug|Any CPU
		{4937D5E2-479E-425C-8AA8-2F8F9E6BCDA0}.Release|Any CPU.ActiveCfg = Release|Any CPU
		{4937D5E2-479E-425C-8AA8-2F8F9E6BCDA0}.Release|Any CPU.Build.0 = Release|Any CPU
		{4937D5E2-479E-425C-8AA8-2F8F9E6BCDA0}.Release|Any CPU.Deploy.0 = Release|Any CPU
		{20833367-BC05-4481-ADC4-2875509F186C}.Debug|Any CPU.ActiveCfg = Debug|Any CPU
		{20833367-BC05-4481-ADC4-2875509F186C}.Debug|Any CPU.Build.0 = Debug|Any CPU
		{20833367-BC05-4481-ADC4-2875509F186C}.Debug|Any CPU.Deploy.0 = Debug|Any CPU
		{20833367-BC05-4481-ADC4-2875509F186C}.Release|Any CPU.ActiveCfg = Release|Any CPU
		{20833367-BC05-4481-ADC4-2875509F186C}.Release|Any CPU.Build.0 = Release|Any CPU
		{20833367-BC05-4481-ADC4-2875509F186C}.Release|Any CPU.Deploy.0 = Release|Any CPU
	EndGlobalSection
	GlobalSection(SolutionProperties) = preSolution
		HideSolutionNode = FALSE
	EndGlobalSection
	GlobalSection(ExtensibilityGlobals) = postSolution
		RESX_NeutralResourcesLanguage = es-CO
		SolutionGuid = {183F511A-4D40-42A0-802C-91C471EBA6CB}
	EndGlobalSection
EndGlobal
